
Microsoft Visual Studio Solution File, Format Version 12.00
# Visual Studio 15
VisualStudioVersion = 15.0.27004.2008
MinimumVisualStudioVersion = 10.0.40219.1
Project("{9A19103F-16F7-4668-BE54-9A1E7A4F7556}") = "WeatherApp", "WeatherApp\WeatherApp.csproj", "{F2A9863F-F88E-4CE2-8E78-464820F2B7C5}"
EndProject
Project("{FAE04EC0-301F-11D3-BF4B-00C04F79EFBC}") = "WeatherApp.Models", "WeatherApp.Models\WeatherApp.Models.csproj", "{D9AC9E1F-3158-4CCE-9F98-7A8BAB19323F}"
EndProject
Project("{FAE04EC0-301F-11D3-BF4B-00C04F79EFBC}") = "WeatherApp.ConsoleClient", "WeatherApp.ConsoleClient\WeatherApp.ConsoleClient.csproj", "{AC0553B6-2849-4397-B6C0-522B0EA8413B}"
EndProject
Global
	GlobalSection(SolutionConfigurationPlatforms) = preSolution
		Debug|Any CPU = Debug|Any CPU
		Release|Any CPU = Release|Any CPU
	EndGlobalSection
	GlobalSection(ProjectConfigurationPlatforms) = postSolution
		{F2A9863F-F88E-4CE2-8E78-464820F2B7C5}.Debug|Any CPU.ActiveCfg = Debug|Any CPU
		{F2A9863F-F88E-4CE2-8E78-464820F2B7C5}.Debug|Any CPU.Build.0 = Debug|Any CPU
		{F2A9863F-F88E-4CE2-8E78-464820F2B7C5}.Release|Any CPU.ActiveCfg = Release|Any CPU
		{F2A9863F-F88E-4CE2-8E78-464820F2B7C5}.Release|Any CPU.Build.0 = Release|Any CPU
		{D9AC9E1F-3158-4CCE-9F98-7A8BAB19323F}.Debug|Any CPU.ActiveCfg = Debug|Any CPU
		{D9AC9E1F-3158-4CCE-9F98-7A8BAB19323F}.Debug|Any CPU.Build.0 = Debug|Any CPU
		{D9AC9E1F-3158-4CCE-9F98-7A8BAB19323F}.Release|Any CPU.ActiveCfg = Release|Any CPU
		{D9AC9E1F-3158-4CCE-9F98-7A8BAB19323F}.Release|Any CPU.Build.0 = Release|Any CPU
		{AC0553B6-2849-4397-B6C0-522B0EA8413B}.Debug|Any CPU.ActiveCfg = Debug|Any CPU
		{AC0553B6-2849-4397-B6C0-522B0EA8413B}.Debug|Any CPU.Build.0 = Debug|Any CPU
		{AC0553B6-2849-4397-B6C0-522B0EA8413B}.Release|Any CPU.ActiveCfg = Release|Any CPU
		{AC0553B6-2849-4397-B6C0-522B0EA8413B}.Release|Any CPU.Build.0 = Release|Any CPU
	EndGlobalSection
	GlobalSection(SolutionProperties) = preSolution
		HideSolutionNode = FALSE
	EndGlobalSection
	GlobalSection(ExtensibilityGlobals) = postSolution
		SolutionGuid = {2FDDDF09-A756-420F-80F8-BD243E33FC5F}
	EndGlobalSection
EndGlobal
